// !$*UTF8*$!
{
	archiveVersion = 1;
	classes = {
	};
	objectVersion = 56;
	objects = {

/* Begin PBXBuildFile section */
		0618555F2B027F8A00282195 /* AppDelegate.swift in Sources */ = {isa = PBXBuildFile; fileRef = 0618555E2B027F8A00282195 /* AppDelegate.swift */; };
		061855612B027F8A00282195 /* SceneDelegate.swift in Sources */ = {isa = PBXBuildFile; fileRef = 061855602B027F8A00282195 /* SceneDelegate.swift */; };
		061855632B027F8A00282195 /* ViewController.swift in Sources */ = {isa = PBXBuildFile; fileRef = 061855622B027F8A00282195 /* ViewController.swift */; };
		061855662B027F8A00282195 /* Main.storyboard in Resources */ = {isa = PBXBuildFile; fileRef = 061855642B027F8A00282195 /* Main.storyboard */; };
		061855692B027F8A00282195 /* BasketBallBoss.xcdatamodeld in Sources */ = {isa = PBXBuildFile; fileRef = 061855672B027F8A00282195 /* BasketBallBoss.xcdatamodeld */; };
		0618556B2B027F8B00282195 /* Assets.xcassets in Resources */ = {isa = PBXBuildFile; fileRef = 0618556A2B027F8B00282195 /* Assets.xcassets */; };
		0618556E2B027F8B00282195 /* LaunchScreen.storyboard in Resources */ = {isa = PBXBuildFile; fileRef = 0618556C2B027F8B00282195 /* LaunchScreen.storyboard */; };
		061855792B027F8B00282195 /* BasketBallBossTests.swift in Sources */ = {isa = PBXBuildFile; fileRef = 061855782B027F8B00282195 /* BasketBallBossTests.swift */; };
		061855832B027F8B00282195 /* BasketBallBossUITests.swift in Sources */ = {isa = PBXBuildFile; fileRef = 061855822B027F8B00282195 /* BasketBallBossUITests.swift */; };
		061855852B027F8B00282195 /* BasketBallBossUITestsLaunchTests.swift in Sources */ = {isa = PBXBuildFile; fileRef = 061855842B027F8B00282195 /* BasketBallBossUITestsLaunchTests.swift */; };
/* End PBXBuildFile section */

/* Begin PBXContainerItemProxy section */
		061855752B027F8B00282195 /* PBXContainerItemProxy */ = {
			isa = PBXContainerItemProxy;
			containerPortal = 061855532B027F8A00282195 /* Project object */;
			proxyType = 1;
			remoteGlobalIDString = 0618555A2B027F8A00282195;
			remoteInfo = BasketBallBoss;
		};
		0618557F2B027F8B00282195 /* PBXContainerItemProxy */ = {
			isa = PBXContainerItemProxy;
			containerPortal = 061855532B027F8A00282195 /* Project object */;
			proxyType = 1;
			remoteGlobalIDString = 0618555A2B027F8A00282195;
			remoteInfo = BasketBallBoss;
		};
/* End PBXContainerItemProxy section */

/* Begin PBXFileReference section */
		0618555B2B027F8A00282195 /* BasketBallBoss.app */ = {isa = PBXFileReference; explicitFileType = wrapper.application; includeInIndex = 0; path = BasketBallBoss.app; sourceTree = BUILT_PRODUCTS_DIR; };
		0618555E2B027F8A00282195 /* AppDelegate.swift */ = {isa = PBXFileReference; lastKnownFileType = sourcecode.swift; path = AppDelegate.swift; sourceTree = "<group>"; };
		061855602B027F8A00282195 /* SceneDelegate.swift */ = {isa = PBXFileReference; lastKnownFileType = sourcecode.swift; path = SceneDelegate.swift; sourceTree = "<group>"; };
		061855622B027F8A00282195 /* ViewController.swift */ = {isa = PBXFileReference; lastKnownFileType = sourcecode.swift; path = ViewController.swift; sourceTree = "<group>"; };
		061855652B027F8A00282195 /* Base */ = {isa = PBXFileReference; lastKnownFileType = file.storyboard; name = Base; path = Base.lproj/Main.storyboard; sourceTree = "<group>"; };
		061855682B027F8A00282195 /* BasketBallBoss.xcdatamodel */ = {isa = PBXFileReference; lastKnownFileType = wrapper.xcdatamodel; path = BasketBallBoss.xcdatamodel; sourceTree = "<group>"; };
		0618556A2B027F8B00282195 /* Assets.xcassets */ = {isa = PBXFileReference; lastKnownFileType = folder.assetcatalog; path = Assets.xcassets; sourceTree = "<group>"; };
		0618556D2B027F8B00282195 /* Base */ = {isa = PBXFileReference; lastKnownFileType = file.storyboard; name = Base; path = Base.lproj/LaunchScreen.storyboard; sourceTree = "<group>"; };
		0618556F2B027F8B00282195 /* Info.plist */ = {isa = PBXFileReference; lastKnownFileType = text.plist.xml; path = Info.plist; sourceTree = "<group>"; };
		061855742B027F8B00282195 /* BasketBallBossTests.xctest */ = {isa = PBXFileReference; explicitFileType = wrapper.cfbundle; includeInIndex = 0; path = BasketBallBossTests.xctest; sourceTree = BUILT_PRODUCTS_DIR; };
		061855782B027F8B00282195 /* BasketBallBossTests.swift */ = {isa = PBXFileReference; lastKnownFileType = sourcecode.swift; path = BasketBallBossTests.swift; sourceTree = "<group>"; };
		0618557E2B027F8B00282195 /* BasketBallBossUITests.xctest */ = {isa = PBXFileReference; explicitFileType = wrapper.cfbundle; includeInIndex = 0; path = BasketBallBossUITests.xctest; sourceTree = BUILT_PRODUCTS_DIR; };
		061855822B027F8B00282195 /* BasketBallBossUITests.swift */ = {isa = PBXFileReference; lastKnownFileType = sourcecode.swift; path = BasketBallBossUITests.swift; sourceTree = "<group>"; };
		061855842B027F8B00282195 /* BasketBallBossUITestsLaunchTests.swift */ = {isa = PBXFileReference; lastKnownFileType = sourcecode.swift; path = BasketBallBossUITestsLaunchTests.swift; sourceTree = "<group>"; };
/* End PBXFileReference section */

/* Begin PBXFrameworksBuildPhase section */
		061855582B027F8A00282195 /* Frameworks */ = {
			isa = PBXFrameworksBuildPhase;
			buildActionMask = 2147483647;
			files = (
			);
			runOnlyForDeploymentPostprocessing = 0;
		};
		061855712B027F8B00282195 /* Frameworks */ = {
			isa = PBXFrameworksBuildPhase;
			buildActionMask = 2147483647;
			files = (
			);
			runOnlyForDeploymentPostprocessing = 0;
		};
		0618557B2B027F8B00282195 /* Frameworks */ = {
			isa = PBXFrameworksBuildPhase;
			buildActionMask = 2147483647;
			files = (
			);
			runOnlyForDeploymentPostprocessing = 0;
		};
/* End PBXFrameworksBuildPhase section */

/* Begin PBXGroup section */
		061855522B027F8A00282195 = {
			isa = PBXGroup;
			children = (
				0618555D2B027F8A00282195 /* BasketBallBoss */,
				061855772B027F8B00282195 /* BasketBallBossTests */,
				061855812B027F8B00282195 /* BasketBallBossUITests */,
				0618555C2B027F8A00282195 /* Products */,
			);
			sourceTree = "<group>";
		};
		0618555C2B027F8A00282195 /* Products */ = {
			isa = PBXGroup;
			children = (
				0618555B2B027F8A00282195 /* BasketBallBoss.app */,
				061855742B027F8B00282195 /* BasketBallBossTests.xctest */,
				0618557E2B027F8B00282195 /* BasketBallBossUITests.xctest */,
			);
			name = Products;
			sourceTree = "<group>";
		};
		0618555D2B027F8A00282195 /* BasketBallBoss */ = {
			isa = PBXGroup;
			children = (
				0618555E2B027F8A00282195 /* AppDelegate.swift */,
				061855602B027F8A00282195 /* SceneDelegate.swift */,
				061855622B027F8A00282195 /* ViewController.swift */,
				061855642B027F8A00282195 /* Main.storyboard */,
				0618556A2B027F8B00282195 /* Assets.xcassets */,
				0618556C2B027F8B00282195 /* LaunchScreen.storyboard */,
				0618556F2B027F8B00282195 /* Info.plist */,
				061855672B027F8A00282195 /* BasketBallBoss.xcdatamodeld */,
			);
			path = BasketBallBoss;
			sourceTree = "<group>";
		};
		061855772B027F8B00282195 /* BasketBallBossTests */ = {
			isa = PBXGroup;
			children = (
				061855782B027F8B00282195 /* BasketBallBossTests.swift */,
			);
			path = BasketBallBossTests;
			sourceTree = "<group>";
		};
		061855812B027F8B00282195 /* BasketBallBossUITests */ = {
			isa = PBXGroup;
			children = (
				061855822B027F8B00282195 /* BasketBallBossUITests.swift */,
				061855842B027F8B00282195 /* BasketBallBossUITestsLaunchTests.swift */,
			);
			path = BasketBallBossUITests;
			sourceTree = "<group>";
		};
/* End PBXGroup section */

/* Begin PBXNativeTarget section */
		0618555A2B027F8A00282195 /* BasketBallBoss */ = {
			isa = PBXNativeTarget;
			buildConfigurationList = 061855882B027F8B00282195 /* Build configuration list for PBXNativeTarget "BasketBallBoss" */;
			buildPhases = (
				061855572B027F8A00282195 /* Sources */,
				061855582B027F8A00282195 /* Frameworks */,
				061855592B027F8A00282195 /* Resources */,
			);
			buildRules = (
			);
			dependencies = (
			);
			name = BasketBallBoss;
			productName = BasketBallBoss;
			productReference = 0618555B2B027F8A00282195 /* BasketBallBoss.app */;
			productType = "com.apple.product-type.application";
		};
		061855732B027F8B00282195 /* BasketBallBossTests */ = {
			isa = PBXNativeTarget;
			buildConfigurationList = 0618558B2B027F8B00282195 /* Build configuration list for PBXNativeTarget "BasketBallBossTests" */;
			buildPhases = (
				061855702B027F8B00282195 /* Sources */,
				061855712B027F8B00282195 /* Frameworks */,
				061855722B027F8B00282195 /* Resources */,
			);
			buildRules = (
			);
			dependencies = (
				061855762B027F8B00282195 /* PBXTargetDependency */,
			);
			name = BasketBallBossTests;
			productName = BasketBallBossTests;
			productReference = 061855742B027F8B00282195 /* BasketBallBossTests.xctest */;
			productType = "com.apple.product-type.bundle.unit-test";
		};
		0618557D2B027F8B00282195 /* BasketBallBossUITests */ = {
			isa = PBXNativeTarget;
			buildConfigurationList = 0618558E2B027F8B00282195 /* Build configuration list for PBXNativeTarget "BasketBallBossUITests" */;
			buildPhases = (
				0618557A2B027F8B00282195 /* Sources */,
				0618557B2B027F8B00282195 /* Frameworks */,
				0618557C2B027F8B00282195 /* Resources */,
			);
			buildRules = (
			);
			dependencies = (
				061855802B027F8B00282195 /* PBXTargetDependency */,
			);
			name = BasketBallBossUITests;
			productName = BasketBallBossUITests;
			productReference = 0618557E2B027F8B00282195 /* BasketBallBossUITests.xctest */;
			productType = "com.apple.product-type.bundle.ui-testing";
		};
/* End PBXNativeTarget section */

/* Begin PBXProject section */
		061855532B027F8A00282195 /* Project object */ = {
			isa = PBXProject;
			attributes = {
				BuildIndependentTargetsInParallel = 1;
				LastSwiftUpdateCheck = 1500;
				LastUpgradeCheck = 1500;
				TargetAttributes = {
					0618555A2B027F8A00282195 = {
						CreatedOnToolsVersion = 15.0.1;
					};
					061855732B027F8B00282195 = {
						CreatedOnToolsVersion = 15.0.1;
						TestTargetID = 0618555A2B027F8A00282195;
					};
					0618557D2B027F8B00282195 = {
						CreatedOnToolsVersion = 15.0.1;
						TestTargetID = 0618555A2B027F8A00282195;
					};
				};
			};
			buildConfigurationList = 061855562B027F8A00282195 /* Build configuration list for PBXProject "BasketBallBoss" */;
			compatibilityVersion = "Xcode 14.0";
			developmentRegion = en;
			hasScannedForEncodings = 0;
			knownRegions = (
				en,
				Base,
			);
			mainGroup = 061855522B027F8A00282195;
			productRefGroup = 0618555C2B027F8A00282195 /* Products */;
			projectDirPath = "";
			projectRoot = "";
			targets = (
				0618555A2B027F8A00282195 /* BasketBallBoss */,
				061855732B027F8B00282195 /* BasketBallBossTests */,
				0618557D2B027F8B00282195 /* BasketBallBossUITests */,
			);
		};
/* End PBXProject section */

/* Begin PBXResourcesBuildPhase section */
		061855592B027F8A00282195 /* Resources */ = {
			isa = PBXResourcesBuildPhase;
			buildActionMask = 2147483647;
			files = (
				0618556E2B027F8B00282195 /* LaunchScreen.storyboard in Resources */,
				0618556B2B027F8B00282195 /* Assets.xcassets in Resources */,
				061855662B027F8A00282195 /* Main.storyboard in Resources */,
			);
			runOnlyForDeploymentPostprocessing = 0;
		};
		061855722B027F8B00282195 /* Resources */ = {
			isa = PBXResourcesBuildPhase;
			buildActionMask = 2147483647;
			files = (
			);
			runOnlyForDeploymentPostprocessing = 0;
		};
		0618557C2B027F8B00282195 /* Resources */ = {
			isa = PBXResourcesBuildPhase;
			buildActionMask = 2147483647;
			files = (
			);
			runOnlyForDeploymentPostprocessing = 0;
		};
/* End PBXResourcesBuildPhase section */

/* Begin PBXSourcesBuildPhase section */
		061855572B027F8A00282195 /* Sources */ = {
			isa = PBXSourcesBuildPhase;
			buildActionMask = 2147483647;
			files = (
				061855632B027F8A00282195 /* ViewController.swift in Sources */,
				0618555F2B027F8A00282195 /* AppDelegate.swift in Sources */,
				061855612B027F8A00282195 /* SceneDelegate.swift in Sources */,
				061855692B027F8A00282195 /* BasketBallBoss.xcdatamodeld in Sources */,
			);
			runOnlyForDeploymentPostprocessing = 0;
		};
		061855702B027F8B00282195 /* Sources */ = {
			isa = PBXSourcesBuildPhase;
			buildActionMask = 2147483647;
			files = (
				061855792B027F8B00282195 /* BasketBallBossTests.swift in Sources */,
			);
			runOnlyForDeploymentPostprocessing = 0;
		};
		0618557A2B027F8B00282195 /* Sources */ = {
			isa = PBXSourcesBuildPhase;
			buildActionMask = 2147483647;
			files = (
				061855852B027F8B00282195 /* BasketBallBossUITestsLaunchTests.swift in Sources */,
				061855832B027F8B00282195 /* BasketBallBossUITests.swift in Sources */,
			);
			runOnlyForDeploymentPostprocessing = 0;
		};
/* End PBXSourcesBuildPhase section */

/* Begin PBXTargetDependency section */
		061855762B027F8B00282195 /* PBXTargetDependency */ = {
			isa = PBXTargetDependency;
			target = 0618555A2B027F8A00282195 /* BasketBallBoss */;
			targetProxy = 061855752B027F8B00282195 /* PBXContainerItemProxy */;
		};
		061855802B027F8B00282195 /* PBXTargetDependency */ = {
			isa = PBXTargetDependency;
			target = 0618555A2B027F8A00282195 /* BasketBallBoss */;
			targetProxy = 0618557F2B027F8B00282195 /* PBXContainerItemProxy */;
		};
/* End PBXTargetDependency section */

/* Begin PBXVariantGroup section */
		061855642B027F8A00282195 /* Main.storyboard */ = {
			isa = PBXVariantGroup;
			children = (
				061855652B027F8A00282195 /* Base */,
			);
			name = Main.storyboard;
			sourceTree = "<group>";
		};
		0618556C2B027F8B00282195 /* LaunchScreen.storyboard */ = {
			isa = PBXVariantGroup;
			children = (
				0618556D2B027F8B00282195 /* Base */,
			);
			name = LaunchScreen.storyboard;
			sourceTree = "<group>";
		};
/* End PBXVariantGroup section */

/* Begin XCBuildConfiguration section */
		061855862B027F8B00282195 /* Debug */ = {
			isa = XCBuildConfiguration;
			buildSettings = {
				ALWAYS_SEARCH_USER_PATHS = NO;
				ASSETCATALOG_COMPILER_GENERATE_SWIFT_ASSET_SYMBOL_EXTENSIONS = YES;
				CLANG_ANALYZER_NONNULL = YES;
				CLANG_ANALYZER_NUMBER_OBJECT_CONVERSION = YES_AGGRESSIVE;
				CLANG_CXX_LANGUAGE_STANDARD = "gnu++20";
				CLANG_ENABLE_MODULES = YES;
				CLANG_ENABLE_OBJC_ARC = YES;
				CLANG_ENABLE_OBJC_WEAK = YES;
				CLANG_WARN_BLOCK_CAPTURE_AUTORELEASING = YES;
				CLANG_WARN_BOOL_CONVERSION = YES;
				CLANG_WARN_COMMA = YES;
				CLANG_WARN_CONSTANT_CONVERSION = YES;
				CLANG_WARN_DEPRECATED_OBJC_IMPLEMENTATIONS = YES;
				CLANG_WARN_DIRECT_OBJC_ISA_USAGE = YES_ERROR;
				CLANG_WARN_DOCUMENTATION_COMMENTS = YES;
				CLANG_WARN_EMPTY_BODY = YES;
				CLANG_WARN_ENUM_CONVERSION = YES;
				CLANG_WARN_INFINITE_RECURSION = YES;
				CLANG_WARN_INT_CONVERSION = YES;
				CLANG_WARN_NON_LITERAL_NULL_CONVERSION = YES;
				CLANG_WARN_OBJC_IMPLICIT_RETAIN_SELF = YES;
				CLANG_WARN_OBJC_LITERAL_CONVERSION = YES;
				CLANG_WARN_OBJC_ROOT_CLASS = YES_ERROR;
				CLANG_WARN_QUOTED_INCLUDE_IN_FRAMEWORK_HEADER = YES;
				CLANG_WARN_RANGE_LOOP_ANALYSIS = YES;
				CLANG_WARN_STRICT_PROTOTYPES = YES;
				CLANG_WARN_SUSPICIOUS_MOVE = YES;
				CLANG_WARN_UNGUARDED_AVAILABILITY = YES_AGGRESSIVE;
				CLANG_WARN_UNREACHABLE_CODE = YES;
				CLANG_WARN__DUPLICATE_METHOD_MATCH = YES;
				COPY_PHASE_STRIP = NO;
				DEBUG_INFORMATION_FORMAT = dwarf;
				ENABLE_STRICT_OBJC_MSGSEND = YES;
				ENABLE_TESTABILITY = YES;
				ENABLE_USER_SCRIPT_SANDBOXING = YES;
				GCC_C_LANGUAGE_STANDARD = gnu17;
				GCC_DYNAMIC_NO_PIC = NO;
				GCC_NO_COMMON_BLOCKS = YES;
				GCC_OPTIMIZATION_LEVEL = 0;
				GCC_PREPROCESSOR_DEFINITIONS = (
					"DEBUG=1",
					"$(inherited)",
				);
				GCC_WARN_64_TO_32_BIT_CONVERSION = YES;
				GCC_WARN_ABOUT_RETURN_TYPE = YES_ERROR;
				GCC_WARN_UNDECLARED_SELECTOR = YES;
				GCC_WARN_UNINITIALIZED_AUTOS = YES_AGGRESSIVE;
				GCC_WARN_UNUSED_FUNCTION = YES;
				GCC_WARN_UNUSED_VARIABLE = YES;
				IPHONEOS_DEPLOYMENT_TARGET = 17.0;
				LOCALIZATION_PREFERS_STRING_CATALOGS = YES;
				MTL_ENABLE_DEBUG_INFO = INCLUDE_SOURCE;
				MTL_FAST_MATH = YES;
				ONLY_ACTIVE_ARCH = YES;
				SDKROOT = iphoneos;
				SWIFT_ACTIVE_COMPILATION_CONDITIONS = "DEBUG $(inherited)";
				SWIFT_OPTIMIZATION_LEVEL = "-Onone";
			};
			name = Debug;
		};
		061855872B027F8B00282195 /* Release */ = {
			isa = XCBuildConfiguration;
			buildSettings = {
				ALWAYS_SEARCH_USER_PATHS = NO;
				ASSETCATALOG_COMPILER_GENERATE_SWIFT_ASSET_SYMBOL_EXTENSIONS = YES;
				CLANG_ANALYZER_NONNULL = YES;
				CLANG_ANALYZER_NUMBER_OBJECT_CONVERSION = YES_AGGRESSIVE;
				CLANG_CXX_LANGUAGE_STANDARD = "gnu++20";
				CLANG_ENABLE_MODULES = YES;
				CLANG_ENABLE_OBJC_ARC = YES;
				CLANG_ENABLE_OBJC_WEAK = YES;
				CLANG_WARN_BLOCK_CAPTURE_AUTORELEASING = YES;
				CLANG_WARN_BOOL_CONVERSION = YES;
				CLANG_WARN_COMMA = YES;
				CLANG_WARN_CONSTANT_CONVERSION = YES;
				CLANG_WARN_DEPRECATED_OBJC_IMPLEMENTATIONS = YES;
				CLANG_WARN_DIRECT_OBJC_ISA_USAGE = YES_ERROR;
				CLANG_WARN_DOCUMENTATION_COMMENTS = YES;
				CLANG_WARN_EMPTY_BODY = YES;
				CLANG_WARN_ENUM_CONVERSION = YES;
				CLANG_WARN_INFINITE_RECURSION = YES;
				CLANG_WARN_INT_CONVERSION = YES;
				CLANG_WARN_NON_LITERAL_NULL_CONVERSION = YES;
				CLANG_WARN_OBJC_IMPLICIT_RETAIN_SELF = YES;
				CLANG_WARN_OBJC_LITERAL_CONVERSION = YES;
				CLANG_WARN_OBJC_ROOT_CLASS = YES_ERROR;
				CLANG_WARN_QUOTED_INCLUDE_IN_FRAMEWORK_HEADER = YES;
				CLANG_WARN_RANGE_LOOP_ANALYSIS = YES;
				CLANG_WARN_STRICT_PROTOTYPES = YES;
				CLANG_WARN_SUSPICIOUS_MOVE = YES;
				CLANG_WARN_UNGUARDED_AVAILABILITY = YES_AGGRESSIVE;
				CLANG_WARN_UNREACHABLE_CODE = YES;
				CLANG_WARN__DUPLICATE_METHOD_MATCH = YES;
				COPY_PHASE_STRIP = NO;
				DEBUG_INFORMATION_FORMAT = "dwarf-with-dsym";
				ENABLE_NS_ASSERTIONS = NO;
				ENABLE_STRICT_OBJC_MSGSEND = YES;
				ENABLE_USER_SCRIPT_SANDBOXING = YES;
				GCC_C_LANGUAGE_STANDARD = gnu17;
				GCC_NO_COMMON_BLOCKS = YES;
				GCC_WARN_64_TO_32_BIT_CONVERSION = YES;
				GCC_WARN_ABOUT_RETURN_TYPE = YES_ERROR;
				GCC_WARN_UNDECLARED_SELECTOR = YES;
				GCC_WARN_UNINITIALIZED_AUTOS = YES_AGGRESSIVE;
				GCC_WARN_UNUSED_FUNCTION = YES;
				GCC_WARN_UNUSED_VARIABLE = YES;
				IPHONEOS_DEPLOYMENT_TARGET = 17.0;
				LOCALIZATION_PREFERS_STRING_CATALOGS = YES;
				MTL_ENABLE_DEBUG_INFO = NO;
				MTL_FAST_MATH = YES;
				SDKROOT = iphoneos;
				SWIFT_COMPILATION_MODE = wholemodule;
				VALIDATE_PRODUCT = YES;
			};
			name = Release;
		};
		061855892B027F8B00282195 /* Debug */ = {
			isa = XCBuildConfiguration;
			buildSettings = {
				ASSETCATALOG_COMPILER_APPICON_NAME = AppIcon;
				ASSETCATALOG_COMPILER_GLOBAL_ACCENT_COLOR_NAME = AccentColor;
				CODE_SIGN_STYLE = Automatic;
				CURRENT_PROJECT_VERSION = 1;
				DEVELOPMENT_TEAM = NT6G4VQ67R;
				GENERATE_INFOPLIST_FILE = YES;
				INFOPLIST_FILE = BasketBallBoss/Info.plist;
				INFOPLIST_KEY_UIApplicationSupportsIndirectInputEvents = YES;
				INFOPLIST_KEY_UILaunchStoryboardName = LaunchScreen;
				INFOPLIST_KEY_UIMainStoryboardFile = Main;
				INFOPLIST_KEY_UISupportedInterfaceOrientations_iPad = "UIInterfaceOrientationPortrait UIInterfaceOrientationPortraitUpsideDown UIInterfaceOrientationLandscapeLeft UIInterfaceOrientationLandscapeRight";
				INFOPLIST_KEY_UISupportedInterfaceOrientations_iPhone = "UIInterfaceOrientationPortrait UIInterfaceOrientationLandscapeLeft UIInterfaceOrientationLandscapeRight";
				LD_RUNPATH_SEARCH_PATHS = (
					"$(inherited)",
					"@executable_path/Frameworks",
				);
				MARKETING_VERSION = 1.0;
				PRODUCT_BUNDLE_IDENTIFIER = njo.BasketBallBoss;
				PRODUCT_NAME = "$(TARGET_NAME)";
				SWIFT_EMIT_LOC_STRINGS = YES;
				SWIFT_VERSION = 5.0;
				TARGETED_DEVICE_FAMILY = "1,2";
			};
			name = Debug;
		};
		0618558A2B027F8B00282195 /* Release */ = {
			isa = XCBuildConfiguration;
			buildSettings = {
				ASSETCATALOG_COMPILER_APPICON_NAME = AppIcon;
				ASSETCATALOG_COMPILER_GLOBAL_ACCENT_COLOR_NAME = AccentColor;
				CODE_SIGN_STYLE = Automatic;
				CURRENT_PROJECT_VERSION = 1;
				DEVELOPMENT_TEAM = NT6G4VQ67R;
				GENERATE_INFOPLIST_FILE = YES;
				INFOPLIST_FILE = BasketBallBoss/Info.plist;
				INFOPLIST_KEY_UIApplicationSupportsIndirectInputEvents = YES;
				INFOPLIST_KEY_UILaunchStoryboardName = LaunchScreen;
				INFOPLIST_KEY_UIMainStoryboardFile = Main;
				INFOPLIST_KEY_UISupportedInterfaceOrientations_iPad = "UIInterfaceOrientationPortrait UIInterfaceOrientationPortraitUpsideDown UIInterfaceOrientationLandscapeLeft UIInterfaceOrientationLandscapeRight";
				INFOPLIST_KEY_UISupportedInterfaceOrientations_iPhone = "UIInterfaceOrientationPortrait UIInterfaceOrientationLandscapeLeft UIInterfaceOrientationLandscapeRight";
				LD_RUNPATH_SEARCH_PATHS = (
					"$(inherited)",
					"@executable_path/Frameworks",
				);
				MARKETING_VERSION = 1.0;
				PRODUCT_BUNDLE_IDENTIFIER = njo.BasketBallBoss;
				PRODUCT_NAME = "$(TARGET_NAME)";
				SWIFT_EMIT_LOC_STRINGS = YES;
				SWIFT_VERSION = 5.0;
				TARGETED_DEVICE_FAMILY = "1,2";
			};
			name = Release;
		};
		0618558C2B027F8B00282195 /* Debug */ = {
			isa = XCBuildConfiguration;
			buildSettings = {
				ALWAYS_EMBED_SWIFT_STANDARD_LIBRARIES = YES;
				BUNDLE_LOADER = "$(TEST_HOST)";
				CODE_SIGN_STYLE = Automatic;
				CURRENT_PROJECT_VERSION = 1;
				DEVELOPMENT_TEAM = NT6G4VQ67R;
				GENERATE_INFOPLIST_FILE = YES;
				IPHONEOS_DEPLOYMENT_TARGET = 17.0;
				MARKETING_VERSION = 1.0;
				PRODUCT_BUNDLE_IDENTIFIER = njo.BasketBallBossTests;
				PRODUCT_NAME = "$(TARGET_NAME)";
				SWIFT_EMIT_LOC_STRINGS = NO;
				SWIFT_VERSION = 5.0;
				TARGETED_DEVICE_FAMILY = "1,2";
				TEST_HOST = "$(BUILT_PRODUCTS_DIR)/BasketBallBoss.app/$(BUNDLE_EXECUTABLE_FOLDER_PATH)/BasketBallBoss";
			};
			name = Debug;
		};
		0618558D2B027F8B00282195 /* Release */ = {
			isa = XCBuildConfiguration;
			buildSettings = {
				ALWAYS_EMBED_SWIFT_STANDARD_LIBRARIES = YES;
				BUNDLE_LOADER = "$(TEST_HOST)";
				CODE_SIGN_STYLE = Automatic;
				CURRENT_PROJECT_VERSION = 1;
				DEVELOPMENT_TEAM = NT6G4VQ67R;
				GENERATE_INFOPLIST_FILE = YES;
				IPHONEOS_DEPLOYMENT_TARGET = 17.0;
				MARKETING_VERSION = 1.0;
				PRODUCT_BUNDLE_IDENTIFIER = njo.BasketBallBossTests;
				PRODUCT_NAME = "$(TARGET_NAME)";
				SWIFT_EMIT_LOC_STRINGS = NO;
				SWIFT_VERSION = 5.0;
				TARGETED_DEVICE_FAMILY = "1,2";
				TEST_HOST = "$(BUILT_PRODUCTS_DIR)/BasketBallBoss.app/$(BUNDLE_EXECUTABLE_FOLDER_PATH)/BasketBallBoss";
			};
			name = Release;
		};
		0618558F2B027F8B00282195 /* Debug */ = {
			isa = XCBuildConfiguration;
			buildSettings = {
				ALWAYS_EMBED_SWIFT_STANDARD_LIBRARIES = YES;
				CODE_SIGN_STYLE = Automatic;
				CURRENT_PROJECT_VERSION = 1;
				DEVELOPMENT_TEAM = NT6G4VQ67R;
				GENERATE_INFOPLIST_FILE = YES;
				MARKETING_VERSION = 1.0;
				PRODUCT_BUNDLE_IDENTIFIER = njo.BasketBallBossUITests;
				PRODUCT_NAME = "$(TARGET_NAME)";
				SWIFT_EMIT_LOC_STRINGS = NO;
				SWIFT_VERSION = 5.0;
				TARGETED_DEVICE_FAMILY = "1,2";
				TEST_TARGET_NAME = BasketBallBoss;
			};
			name = Debug;
		};
		061855902B027F8B00282195 /* Release */ = {
			isa = XCBuildConfiguration;
			buildSettings = {
				ALWAYS_EMBED_SWIFT_STANDARD_LIBRARIES = YES;
				CODE_SIGN_STYLE = Automatic;
				CURRENT_PROJECT_VERSION = 1;
				DEVELOPMENT_TEAM = NT6G4VQ67R;
				GENERATE_INFOPLIST_FILE = YES;
				MARKETING_VERSION = 1.0;
				PRODUCT_BUNDLE_IDENTIFIER = njo.BasketBallBossUITests;
				PRODUCT_NAME = "$(TARGET_NAME)";
				SWIFT_EMIT_LOC_STRINGS = NO;
				SWIFT_VERSION = 5.0;
				TARGETED_DEVICE_FAMILY = "1,2";
				TEST_TARGET_NAME = BasketBallBoss;
			};
			name = Release;
		};
/* End XCBuildConfiguration section */

/* Begin XCConfigurationList section */
		061855562B027F8A00282195 /* Build configuration list for PBXProject "BasketBallBoss" */ = {
			isa = XCConfigurationList;
			buildConfigurations = (
				061855862B027F8B00282195 /* Debug */,
				061855872B027F8B00282195 /* Release */,
			);
			defaultConfigurationIsVisible = 0;
			defaultConfigurationName = Release;
		};
		061855882B027F8B00282195 /* Build configuration list for PBXNativeTarget "BasketBallBoss" */ = {
			isa = XCConfigurationList;
			buildConfigurations = (
				061855892B027F8B00282195 /* Debug */,
				0618558A2B027F8B00282195 /* Release */,
			);
			defaultConfigurationIsVisible = 0;
			defaultConfigurationName = Release;
		};
		0618558B2B027F8B00282195 /* Build configuration list for PBXNativeTarget "BasketBallBossTests" */ = {
			isa = XCConfigurationList;
			buildConfigurations = (
				0618558C2B027F8B00282195 /* Debug */,
				0618558D2B027F8B00282195 /* Release */,
			);
			defaultConfigurationIsVisible = 0;
			defaultConfigurationName = Release;
		};
		0618558E2B027F8B00282195 /* Build configuration list for PBXNativeTarget "BasketBallBossUITests" */ = {
			isa = XCConfigurationList;
			buildConfigurations = (
				0618558F2B027F8B00282195 /* Debug */,
				061855902B027F8B00282195 /* Release */,
			);
			defaultConfigurationIsVisible = 0;
			defaultConfigurationName = Release;
		};
/* End XCConfigurationList section */

/* Begin XCVersionGroup section */
		061855672B027F8A00282195 /* BasketBallBoss.xcdatamodeld */ = {
			isa = XCVersionGroup;
			children = (
				061855682B027F8A00282195 /* BasketBallBoss.xcdatamodel */,
			);
			currentVersion = 061855682B027F8A00282195 /* BasketBallBoss.xcdatamodel */;
			path = BasketBallBoss.xcdatamodeld;
			sourceTree = "<group>";
			versionGroupType = wrapper.xcdatamodel;
		};
/* End XCVersionGroup section */
	};
	rootObject = 061855532B027F8A00282195 /* Project object */;
}
